{
  "name": "omnisign",
  "version": "unspecified",
  "lockfileVersion": 3,
  "requires": true,
  "packages": {
    "": {
      "name": "omnisign",
      "version": "unspecified",
      "workspaces": [
        "packages/omnisign-composeApp",
        "packages/omnisign-composeApp-test",
        "packages/omnisign-shared",
        "packages/omnisign-shared-test",
        "packages_imported/skiko-wasm-js/0.9.37-4",
        "packages_imported/skiko-js-wasm-runtime/0.9.37-4",
        "packages_imported/Kotlin-DateTime-library-kotlinx-datetime-wasm-js/0.7.1",
        "packages_imported/ktor-ktor-client-core/3.4.0"
      ],
      "devDependencies": {}
    },
    "node_modules/@js-joda/core": {
      "version": "3.2.0",
      "resolved": "https://registry.npmjs.org/@js-joda/core/-/core-3.2.0.tgz",
      "integrity": "sha512-PMqgJ0sw5B7FKb2d5bWYIoxjri+QlW/Pys7+Rw82jSH0QN3rB05jZ/VrrsUdh1w4+i2kw9JOejXGq/KhDOX7Kg==",
      "license": "BSD-3-Clause"
    },
    "node_modules/Kotlin-DateTime-library-kotlinx-datetime-wasm-js": {
      "resolved": "packages_imported/Kotlin-DateTime-library-kotlinx-datetime-wasm-js/0.7.1",
      "link": true
    },
    "node_modules/ktor-ktor-client-core": {
      "resolved": "packages_imported/ktor-ktor-client-core/3.4.0",
      "link": true
    },
    "node_modules/mupdf": {
      "version": "1.27.0",
      "resolved": "https://registry.npmjs.org/mupdf/-/mupdf-1.27.0.tgz",
      "integrity": "sha512-vEPUYwZeu5NgiFLz4e20R7Vp2pNY7szirGEvTxHyQQpQs6ab4DeGdonwT6sH1JZG5EhyHSrojZrZn2/0ee6qZQ==",
      "license": "AGPL-3.0-or-later"
    },
    "node_modules/omnisign-composeApp": {
      "resolved": "packages/omnisign-composeApp",
      "link": true
    },
    "node_modules/omnisign-composeApp-test": {
      "resolved": "packages/omnisign-composeApp-test",
      "link": true
    },
    "node_modules/omnisign-shared": {
      "resolved": "packages/omnisign-shared",
      "link": true
    },
    "node_modules/omnisign-shared-test": {
      "resolved": "packages/omnisign-shared-test",
      "link": true
    },
    "node_modules/skiko-js-wasm-runtime": {
      "resolved": "packages_imported/skiko-js-wasm-runtime/0.9.37-4",
      "link": true
    },
    "node_modules/skiko-wasm-js": {
      "resolved": "packages_imported/skiko-wasm-js/0.9.37-4",
      "link": true
    },
    "node_modules/ws": {
      "version": "8.18.3",
      "resolved": "https://registry.npmjs.org/ws/-/ws-8.18.3.tgz",
      "integrity": "sha512-PEIGCY5tSlUt50cqyMXfCzX+oOPqN0vuGqWzbcJ2xvnkzkq46oOpz7dQaTDBdfICb4N14+GARUDw2XV2N4tvzg==",
      "license": "MIT",
      "engines": {
        "node": ">=10.0.0"
      },
      "peerDependencies": {
        "bufferutil": "^4.0.1",
        "utf-8-validate": ">=5.0.2"
      },
      "peerDependenciesMeta": {
        "bufferutil": {
          "optional": true
        },
        "utf-8-validate": {
          "optional": true
        }
      }
    },
    "packages_imported/Kotlin-DateTime-library-kotlinx-datetime-wasm-js/0.7.1": {
      "name": "Kotlin-DateTime-library-kotlinx-datetime-wasm-js",
      "version": "0.7.1",
      "dependencies": {
        "@js-joda/core": "3.2.0"
      },
      "devDependencies": {}
    },
    "packages_imported/ktor-ktor-client-core/3.4.0": {
      "name": "ktor-ktor-client-core",
      "version": "3.4.0",
      "dependencies": {
        "ws": "8.18.3"
      },
      "devDependencies": {}
    },
    "packages_imported/skiko-js-wasm-runtime/0.9.37-4": {
      "name": "skiko-js-wasm-runtime",
      "version": "0.9.37-4",
      "devDependencies": {}
    },
    "packages_imported/skiko-wasm-js/0.9.37-4": {
      "name": "skiko-wasm-js",
      "version": "0.9.37-4",
      "devDependencies": {}
    },
    "packages/omnisign-composeApp": {
      "version": "1.0.0",
      "dependencies": {
        "@js-joda/core": "3.2.0",
        "mupdf": "1.27.0",
        "ws": "8.18.3"
      },
      "devDependencies": {}
    },
    "packages/omnisign-composeApp-test": {
      "version": "1.0.0",
      "dependencies": {
        "@js-joda/core": "3.2.0",
        "mupdf": "1.27.0",
        "ws": "8.18.3"
      },
      "devDependencies": {}
    },
    "packages/omnisign-shared": {
      "version": "0.0.0-unspecified",
      "dependencies": {
        "@js-joda/core": "3.2.0",
        "ws": "8.18.3"
      },
      "devDependencies": {}
    },
    "packages/omnisign-shared-test": {
      "version": "0.0.0-unspecified",
      "dependencies": {
        "@js-joda/core": "3.2.0",
        "ws": "8.18.3"
      },
      "devDependencies": {}
    }
  }
}
